{
  "name": "tape-six-playwright",
  "version": "1.1.0",
  "lockfileVersion": 3,
  "requires": true,
  "packages": {
    "": {
      "name": "tape-six-playwright",
      "version": "1.1.0",
      "hasInstallScript": true,
      "license": "BSD-3-Clause",
      "dependencies": {
        "playwright": "^1.60.0",
        "tape-six": "^1.10.0"
      },
      "bin": {
        "tape6-playwright": "bin/tape6-playwright.js",
        "tape6-playwright-node": "bin/tape6-playwright-node.js"
      },
      "devDependencies": {
        "prettier": "^3.8.3"
      },
      "funding": {
        "url": "https://github.com/sponsors/uhop"
      }
    },
    "node_modules/fsevents": {
      "version": "2.3.2",
      "resolved": "https://registry.npmjs.org/fsevents/-/fsevents-2.3.2.tgz",
      "integrity": "sha512-xiqMQR4xAeHTuB9uWm+fFRcIOgKBMiOBP+eXiyT7jsgVCq1bkVygt00oASowB7EdtpOHaaPgKt812P9ab+DDKA==",
      "hasInstallScript": true,
      "license": "MIT",
      "optional": true,
      "os": [
        "darwin"
      ],
      "engines": {
        "node": "^8.16.0 || ^10.6.0 || >=11.0.0"
      }
    },
    "node_modules/playwright": {
      "version": "1.61.0",
      "resolved": "https://registry.npmjs.org/playwright/-/playwright-1.61.0.tgz",
      "integrity": "sha512-Z+7BeeqQPRRzklHsVFP4KTGIyMxKUmfeRA4WisM6G3/XW6nwGeX6fX9qYaDa+CiUqpOkb2f6X3nar05R3kSuJQ==",
      "license": "Apache-2.0",
      "dependencies": {
        "playwright-core": "1.61.0"
      },
      "bin": {
        "playwright": "cli.js"
      },
      "engines": {
        "node": ">=18"
      },
      "optionalDependencies": {
        "fsevents": "2.3.2"
      }
    },
    "node_modules/playwright-core": {
      "version": "1.61.0",
      "resolved": "https://registry.npmjs.org/playwright-core/-/playwright-core-1.61.0.tgz",
      "integrity": "sha512-caX7TrY3Ml6egyDX0WUcTHDxodl/b51y5wJOdCEA36QviK/s2g081hvmGs8eaE3DWb6NYZQ6BjO/QkNRPenoPA==",
      "license": "Apache-2.0",
      "bin": {
        "playwright-core": "cli.js"
      },
      "engines": {
        "node": ">=18"
      }
    },
    "node_modules/prettier": {
      "version": "3.8.4",
      "resolved": "https://registry.npmjs.org/prettier/-/prettier-3.8.4.tgz",
      "integrity": "sha512-N2MylSdi48+5N/6S5j+maeHbUSIzzZ5uOcX5Hm4QpV8Dkb1HFjfAKTKX6yNPJQD9AhcT3ifHNB66tWTTJDi11Q==",
      "dev": true,
      "license": "MIT",
      "bin": {
        "prettier": "bin/prettier.cjs"
      },
      "engines": {
        "node": ">=14"
      },
      "funding": {
        "url": "https://github.com/prettier/prettier?sponsor=1"
      }
    },
    "node_modules/tape-six": {
      "version": "1.10.1",
      "resolved": "https://registry.npmjs.org/tape-six/-/tape-six-1.10.1.tgz",
      "integrity": "sha512-tP7I7ShmSJdo8ObNjINKVL3JHhGL82nRTbAQMg07pjDhzBVlHIJ1G9iwaJNnyfolNHo81MrDN7ix6N22BdR9Xw==",
      "license": "BSD-3-Clause",
      "bin": {
        "tape6": "bin/tape6.js",
        "tape6-bun": "bin/tape6-bun.js",
        "tape6-deno": "bin/tape6-deno.js",
        "tape6-node": "bin/tape6-node.js",
        "tape6-runner": "bin/tape6-runner.js",
        "tape6-seq": "bin/tape6-seq.js",
        "tape6-server": "bin/tape6-server.js"
      },
      "funding": {
        "url": "https://github.com/sponsors/uhop"
      }
    }
  }
}
